
Microsoft Visual Studio Solution File, Format Version 12.00
# Visual Studio Version 17
VisualStudioVersion = 17.14.36705.20
MinimumVisualStudioVersion = 10.0.40219.1
Project("{2150E333-8FDC-42A3-9474-1A3956D46DE8}") = "Task0", "Task0", "{02EA681E-C7D8-13C7-8484-4AC65E1B71E8}"
EndProject
Project("{FAE04EC0-301F-11D3-BF4B-00C04F79EFBC}") = "Tyuiu.DewjaterikowaAA.Sprint5.Task0.V7", "Tyuiu.DewjaterikowaAA.Sprint5.Task0.V7\Tyuiu.DewjaterikowaAA.Sprint5.Task0.V7.csproj", "{A298C71B-D484-446B-B30F-8C8AE0A32E8E}"
EndProject
Project("{FAE04EC0-301F-11D3-BF4B-00C04F79EFBC}") = "Tyuiu.DewjaterikowaAA.Sprint5.Task0.V7.Test", "Tyuiu.DewjaterikowaAA.Sprint5.Task0.V7.Test\Tyuiu.DewjaterikowaAA.Sprint5.Task0.V7.Test.csproj", "{1BB3D51C-8FB4-4A09-A968-D741E5B6FDF1}"
EndProject
Project("{FAE04EC0-301F-11D3-BF4B-00C04F79EFBC}") = "Tyuiu.DewjaterikowaAA.Sprint5.Task0.V7.Lib", "Tyuiu.DewjaterikowaAA.Sprint5.Task0.V7.Lib\Tyuiu.DewjaterikowaAA.Sprint5.Task0.V7.Lib.csproj", "{A835DF9B-A6C4-4E1D-8AEA-C59E16311FF4}"
EndProject
Project("{2150E333-8FDC-42A3-9474-1A3956D46DE8}") = "Task1", "Task1", "{6E24DCAB-16D4-4416-9E43-A1A9020950D0}"
EndProject
Project("{FAE04EC0-301F-11D3-BF4B-00C04F79EFBC}") = "Tyuiu.DewjaterikowaAA.Sprint5.Task1.V10", "Tyuiu.DewjaterikowaAA.Sprint5.Task1.V10\Tyuiu.DewjaterikowaAA.Sprint5.Task1.V10.csproj", "{7CF4B3DA-04AF-48CF-9EEE-52BB6EA277BB}"
EndProject
Project("{FAE04EC0-301F-11D3-BF4B-00C04F79EFBC}") = "Tyuiu.DewjaterikowaAA.Sprint5.Task1.V10.Test", "Tyuiu.DewjaterikowaAA.Sprint5.Task1.V10.Test\Tyuiu.DewjaterikowaAA.Sprint5.Task1.V10.Test.csproj", "{69961BC0-67F1-41C0-BD79-B4272CAED59A}"
EndProject
Project("{FAE04EC0-301F-11D3-BF4B-00C04F79EFBC}") = "Tyuiu.DewjaterikowaAA.Sprint5.Task1.V10.Lib", "Tyuiu.DewjaterikowaAA.Sprint5.Task1.V10.Lib\Tyuiu.DewjaterikowaAA.Sprint5.Task1.V10.Lib.csproj", "{03CCF543-DAF1-459D-BA50-761BAE1E0234}"
EndProject
Project("{2150E333-8FDC-42A3-9474-1A3956D46DE8}") = "Task2", "Task2", "{46642E1E-AD1A-4384-9ED6-0F1F1838E105}"
EndProject
Project("{FAE04EC0-301F-11D3-BF4B-00C04F79EFBC}") = "Tyuiu.DewjaterikowaAA.Sprint5.Task2.V25", "Tyuiu.DewjaterikowaAA.Sprint5.Task2.V25\Tyuiu.DewjaterikowaAA.Sprint5.Task2.V25.csproj", "{A5A88DB8-2BBB-46DD-A222-EA8107769FC7}"
EndProject
Project("{FAE04EC0-301F-11D3-BF4B-00C04F79EFBC}") = "Tyuiu.DewjaterikowaAA.Sprint5.Task2.V25.Test", "Tyuiu.DewjaterikowaAA.Sprint5.Task2.V25.Test\Tyuiu.DewjaterikowaAA.Sprint5.Task2.V25.Test.csproj", "{8DBDFFC8-1942-4043-800F-1BCADA4DCE22}"
EndProject
Project("{FAE04EC0-301F-11D3-BF4B-00C04F79EFBC}") = "Tyuiu.DewjaterikowaAA.Sprint5.Task2.V25.Lib", "Tyuiu.DewjaterikowaAA.Sprint5.Task2.V25.Lib\Tyuiu.DewjaterikowaAA.Sprint5.Task2.V25.Lib.csproj", "{26B677B6-03A2-4FD8-BE2C-25C7B43DD043}"
EndProject
Project("{2150E333-8FDC-42A3-9474-1A3956D46DE8}") = "Task3", "Task3", "{F6F5526E-C8F7-4921-B24C-D9DF52548246}"
EndProject
Project("{FAE04EC0-301F-11D3-BF4B-00C04F79EFBC}") = "Tyuiu.DewjaterikowaAA.Sprint5.Task3.V13", "Tyuiu.DewjaterikowaAA.Sprint5.Task3.V13\Tyuiu.DewjaterikowaAA.Sprint5.Task3.V13.csproj", "{F064EC8F-5747-4066-ABB0-DF8CF837CCF2}"
EndProject
Project("{FAE04EC0-301F-11D3-BF4B-00C04F79EFBC}") = "Tyuiu.DewjaterikowaAA.Sprint5.Task3.V13.Test", "Tyuiu.DewjaterikowaAA.Sprint5.Task3.V13.Test\Tyuiu.DewjaterikowaAA.Sprint5.Task3.V13.Test.csproj", "{DE8EDDE0-5EDA-49E4-B218-A7BA220DBA8A}"
EndProject
Project("{FAE04EC0-301F-11D3-BF4B-00C04F79EFBC}") = "Tyuiu.DewjaterikowaAA.Sprint5.Task3.V13.Lib", "Tyuiu.DewjaterikowaAA.Sprint5.Task3.V13.Lib\Tyuiu.DewjaterikowaAA.Sprint5.Task3.V13.Lib.csproj", "{2E52EEC3-ACD1-4B44-8A70-F1638911FFF4}"
EndProject
Project("{2150E333-8FDC-42A3-9474-1A3956D46DE8}") = "Task4", "Task4", "{E3BC79F4-9972-4E55-9B1A-E2107DBDC386}"
EndProject
Project("{FAE04EC0-301F-11D3-BF4B-00C04F79EFBC}") = "Tyuiu.DewjaterikowaAA.Sprint5.Task4.V23", "Tyuiu.DewjaterikowaAA.Sprint5.Task4.V23\Tyuiu.DewjaterikowaAA.Sprint5.Task4.V23.csproj", "{AEE47D1E-3FC1-4521-B71A-88491166C71A}"
EndProject
Project("{FAE04EC0-301F-11D3-BF4B-00C04F79EFBC}") = "Tyuiu.DewjaterikowaAA.Sprint5.Task4.V23.Test", "Tyuiu.DewjaterikowaAA.Sprint5.Task4.V23.Test\Tyuiu.DewjaterikowaAA.Sprint5.Task4.V23.Test.csproj", "{9092824E-A9C0-4D62-8DB5-822F196AEEDD}"
EndProject
Project("{FAE04EC0-301F-11D3-BF4B-00C04F79EFBC}") = "Tyuiu.DewjaterikowaAA.Sprint5.Task4.V23.Lib", "Tyuiu.DewjaterikowaAA.Sprint5.Task4.V23.Lib\Tyuiu.DewjaterikowaAA.Sprint5.Task4.V23.Lib.csproj", "{51346562-FD48-455A-8C46-10830269D852}"
EndProject
Global
	GlobalSection(SolutionConfigurationPlatforms) = preSolution
		Debug|Any CPU = Debug|Any CPU
		Release|Any CPU = Release|Any CPU
	EndGlobalSection
	GlobalSection(ProjectConfigurationPlatforms) = postSolution
		{A298C71B-D484-446B-B30F-8C8AE0A32E8E}.Debug|Any CPU.ActiveCfg = Debug|Any CPU
		{A298C71B-D484-446B-B30F-8C8AE0A32E8E}.Debug|Any CPU.Build.0 = Debug|Any CPU
		{A298C71B-D484-446B-B30F-8C8AE0A32E8E}.Release|Any CPU.ActiveCfg = Release|Any CPU
		{A298C71B-D484-446B-B30F-8C8AE0A32E8E}.Release|Any CPU.Build.0 = Release|Any CPU
		{1BB3D51C-8FB4-4A09-A968-D741E5B6FDF1}.Debug|Any CPU.ActiveCfg = Debug|Any CPU
		{1BB3D51C-8FB4-4A09-A968-D741E5B6FDF1}.Debug|Any CPU.Build.0 = Debug|Any CPU
		{1BB3D51C-8FB4-4A09-A968-D741E5B6FDF1}.Release|Any CPU.ActiveCfg = Release|Any CPU
		{1BB3D51C-8FB4-4A09-A968-D741E5B6FDF1}.Release|Any CPU.Build.0 = Release|Any CPU
		{A835DF9B-A6C4-4E1D-8AEA-C59E16311FF4}.Debug|Any CPU.ActiveCfg = Debug|Any CPU
		{A835DF9B-A6C4-4E1D-8AEA-C59E16311FF4}.Debug|Any CPU.Build.0 = Debug|Any CPU
		{A835DF9B-A6C4-4E1D-8AEA-C59E16311FF4}.Release|Any CPU.ActiveCfg = Release|Any CPU
		{A835DF9B-A6C4-4E1D-8AEA-C59E16311FF4}.Release|Any CPU.Build.0 = Release|Any CPU
		{7CF4B3DA-04AF-48CF-9EEE-52BB6EA277BB}.Debug|Any CPU.ActiveCfg = Debug|Any CPU
		{7CF4B3DA-04AF-48CF-9EEE-52BB6EA277BB}.Debug|Any CPU.Build.0 = Debug|Any CPU
		{7CF4B3DA-04AF-48CF-9EEE-52BB6EA277BB}.Release|Any CPU.ActiveCfg = Release|Any CPU
		{7CF4B3DA-04AF-48CF-9EEE-52BB6EA277BB}.Release|Any CPU.Build.0 = Release|Any CPU
		{69961BC0-67F1-41C0-BD79-B4272CAED59A}.Debug|Any CPU.ActiveCfg = Debug|Any CPU
		{69961BC0-67F1-41C0-BD79-B4272CAED59A}.Debug|Any CPU.Build.0 = Debug|Any CPU
		{69961BC0-67F1-41C0-BD79-B4272CAED59A}.Release|Any CPU.ActiveCfg = Release|Any CPU
		{69961BC0-67F1-41C0-BD79-B4272CAED59A}.Release|Any CPU.Build.0 = Release|Any CPU
		{03CCF543-DAF1-459D-BA50-761BAE1E0234}.Debug|Any CPU.ActiveCfg = Debug|Any CPU
		{03CCF543-DAF1-459D-BA50-761BAE1E0234}.Debug|Any CPU.Build.0 = Debug|Any CPU
		{03CCF543-DAF1-459D-BA50-761BAE1E0234}.Release|Any CPU.ActiveCfg = Release|Any CPU
		{03CCF543-DAF1-459D-BA50-761BAE1E0234}.Release|Any CPU.Build.0 = Release|Any CPU
		{A5A88DB8-2BBB-46DD-A222-EA8107769FC7}.Debug|Any CPU.ActiveCfg = Debug|Any CPU
		{A5A88DB8-2BBB-46DD-A222-EA8107769FC7}.Debug|Any CPU.Build.0 = Debug|Any CPU
		{A5A88DB8-2BBB-46DD-A222-EA8107769FC7}.Release|Any CPU.ActiveCfg = Release|Any CPU
		{A5A88DB8-2BBB-46DD-A222-EA8107769FC7}.Release|Any CPU.Build.0 = Release|Any CPU
		{8DBDFFC8-1942-4043-800F-1BCADA4DCE22}.Debug|Any CPU.ActiveCfg = Debug|Any CPU
		{8DBDFFC8-1942-4043-800F-1BCADA4DCE22}.Debug|Any CPU.Build.0 = Debug|Any CPU
		{8DBDFFC8-1942-4043-800F-1BCADA4DCE22}.Release|Any CPU.ActiveCfg = Release|Any CPU
		{8DBDFFC8-1942-4043-800F-1BCADA4DCE22}.Release|Any CPU.Build.0 = Release|Any CPU
		{26B677B6-03A2-4FD8-BE2C-25C7B43DD043}.Debug|Any CPU.ActiveCfg = Debug|Any CPU
		{26B677B6-03A2-4FD8-BE2C-25C7B43DD043}.Debug|Any CPU.Build.0 = Debug|Any CPU
		{26B677B6-03A2-4FD8-BE2C-25C7B43DD043}.Release|Any CPU.ActiveCfg = Release|Any CPU
		{26B677B6-03A2-4FD8-BE2C-25C7B43DD043}.Release|Any CPU.Build.0 = Release|Any CPU
		{F064EC8F-5747-4066-ABB0-DF8CF837CCF2}.Debug|Any CPU.ActiveCfg = Debug|Any CPU
		{F064EC8F-5747-4066-ABB0-DF8CF837CCF2}.Debug|Any CPU.Build.0 = Debug|Any CPU
		{F064EC8F-5747-4066-ABB0-DF8CF837CCF2}.Release|Any CPU.ActiveCfg = Release|Any CPU
		{F064EC8F-5747-4066-ABB0-DF8CF837CCF2}.Release|Any CPU.Build.0 = Release|Any CPU
		{DE8EDDE0-5EDA-49E4-B218-A7BA220DBA8A}.Debug|Any CPU.ActiveCfg = Debug|Any CPU
		{DE8EDDE0-5EDA-49E4-B218-A7BA220DBA8A}.Debug|Any CPU.Build.0 = Debug|Any CPU
		{DE8EDDE0-5EDA-49E4-B218-A7BA220DBA8A}.Release|Any CPU.ActiveCfg = Release|Any CPU
		{DE8EDDE0-5EDA-49E4-B218-A7BA220DBA8A}.Release|Any CPU.Build.0 = Release|Any CPU
		{2E52EEC3-ACD1-4B44-8A70-F1638911FFF4}.Debug|Any CPU.ActiveCfg = Debug|Any CPU
		{2E52EEC3-ACD1-4B44-8A70-F1638911FFF4}.Debug|Any CPU.Build.0 = Debug|Any CPU
		{2E52EEC3-ACD1-4B44-8A70-F1638911FFF4}.Release|Any CPU.ActiveCfg = Release|Any CPU
		{2E52EEC3-ACD1-4B44-8A70-F1638911FFF4}.Release|Any CPU.Build.0 = Release|Any CPU
		{AEE47D1E-3FC1-4521-B71A-88491166C71A}.Debug|Any CPU.ActiveCfg = Debug|Any CPU
		{AEE47D1E-3FC1-4521-B71A-88491166C71A}.Debug|Any CPU.Build.0 = Debug|Any CPU
		{AEE47D1E-3FC1-4521-B71A-88491166C71A}.Release|Any CPU.ActiveCfg = Release|Any CPU
		{AEE47D1E-3FC1-4521-B71A-88491166C71A}.Release|Any CPU.Build.0 = Release|Any CPU
		{9092824E-A9C0-4D62-8DB5-822F196AEEDD}.Debug|Any CPU.ActiveCfg = Debug|Any CPU
		{9092824E-A9C0-4D62-8DB5-822F196AEEDD}.Debug|Any CPU.Build.0 = Debug|Any CPU
		{9092824E-A9C0-4D62-8DB5-822F196AEEDD}.Release|Any CPU.ActiveCfg = Release|Any CPU
		{9092824E-A9C0-4D62-8DB5-822F196AEEDD}.Release|Any CPU.Build.0 = Release|Any CPU
		{51346562-FD48-455A-8C46-10830269D852}.Debug|Any CPU.ActiveCfg = Debug|Any CPU
		{51346562-FD48-455A-8C46-10830269D852}.Debug|Any CPU.Build.0 = Debug|Any CPU
		{51346562-FD48-455A-8C46-10830269D852}.Release|Any CPU.ActiveCfg = Release|Any CPU
		{51346562-FD48-455A-8C46-10830269D852}.Release|Any CPU.Build.0 = Release|Any CPU
	EndGlobalSection
	GlobalSection(SolutionProperties) = preSolution
		HideSolutionNode = FALSE
	EndGlobalSection
	GlobalSection(NestedProjects) = preSolution
		{A298C71B-D484-446B-B30F-8C8AE0A32E8E} = {02EA681E-C7D8-13C7-8484-4AC65E1B71E8}
		{1BB3D51C-8FB4-4A09-A968-D741E5B6FDF1} = {02EA681E-C7D8-13C7-8484-4AC65E1B71E8}
		{A835DF9B-A6C4-4E1D-8AEA-C59E16311FF4} = {02EA681E-C7D8-13C7-8484-4AC65E1B71E8}
		{7CF4B3DA-04AF-48CF-9EEE-52BB6EA277BB} = {6E24DCAB-16D4-4416-9E43-A1A9020950D0}
		{69961BC0-67F1-41C0-BD79-B4272CAED59A} = {6E24DCAB-16D4-4416-9E43-A1A9020950D0}
		{03CCF543-DAF1-459D-BA50-761BAE1E0234} = {6E24DCAB-16D4-4416-9E43-A1A9020950D0}
		{A5A88DB8-2BBB-46DD-A222-EA8107769FC7} = {46642E1E-AD1A-4384-9ED6-0F1F1838E105}
		{8DBDFFC8-1942-4043-800F-1BCADA4DCE22} = {46642E1E-AD1A-4384-9ED6-0F1F1838E105}
		{26B677B6-03A2-4FD8-BE2C-25C7B43DD043} = {46642E1E-AD1A-4384-9ED6-0F1F1838E105}
		{F064EC8F-5747-4066-ABB0-DF8CF837CCF2} = {F6F5526E-C8F7-4921-B24C-D9DF52548246}
		{DE8EDDE0-5EDA-49E4-B218-A7BA220DBA8A} = {F6F5526E-C8F7-4921-B24C-D9DF52548246}
		{2E52EEC3-ACD1-4B44-8A70-F1638911FFF4} = {F6F5526E-C8F7-4921-B24C-D9DF52548246}
		{AEE47D1E-3FC1-4521-B71A-88491166C71A} = {E3BC79F4-9972-4E55-9B1A-E2107DBDC386}
		{9092824E-A9C0-4D62-8DB5-822F196AEEDD} = {E3BC79F4-9972-4E55-9B1A-E2107DBDC386}
		{51346562-FD48-455A-8C46-10830269D852} = {E3BC79F4-9972-4E55-9B1A-E2107DBDC386}
	EndGlobalSection
	GlobalSection(ExtensibilityGlobals) = postSolution
		SolutionGuid = {C46235A6-D602-43A0-BEDB-47D924675A70}
	EndGlobalSection
EndGlobal
