
Microsoft Visual Studio Solution File, Format Version 12.00
# Visual Studio Version 17
VisualStudioVersion = 17.14.36705.20 d17.14
MinimumVisualStudioVersion = 10.0.40219.1
Project("{2150E333-8FDC-42A3-9474-1A3956D46DE8}") = "Task0", "Task0", "{02EA681E-C7D8-13C7-8484-4AC65E1B71E8}"
EndProject
Project("{FAE04EC0-301F-11D3-BF4B-00C04F79EFBC}") = "Tyuiu.DewjaterikowaAA.Sprint5.Task0.V7", "Tyuiu.DewjaterikowaAA.Sprint5.Task0.V7\Tyuiu.DewjaterikowaAA.Sprint5.Task0.V7.csproj", "{A298C71B-D484-446B-B30F-8C8AE0A32E8E}"
EndProject
Project("{FAE04EC0-301F-11D3-BF4B-00C04F79EFBC}") = "Tyuiu.DewjaterikowaAA.Sprint5.Task0.V7.Test", "Tyuiu.DewjaterikowaAA.Sprint5.Task0.V7.Test\Tyuiu.DewjaterikowaAA.Sprint5.Task0.V7.Test.csproj", "{1BB3D51C-8FB4-4A09-A968-D741E5B6FDF1}"
EndProject
Project("{FAE04EC0-301F-11D3-BF4B-00C04F79EFBC}") = "Tyuiu.DewjaterikowaAA.Sprint5.Task0.V7.Lib", "Tyuiu.DewjaterikowaAA.Sprint5.Task0.V7.Lib\Tyuiu.DewjaterikowaAA.Sprint5.Task0.V7.Lib.csproj", "{A835DF9B-A6C4-4E1D-8AEA-C59E16311FF4}"
EndProject
Global
	GlobalSection(SolutionConfigurationPlatforms) = preSolution
		Debug|Any CPU = Debug|Any CPU
		Release|Any CPU = Release|Any CPU
	EndGlobalSection
	GlobalSection(ProjectConfigurationPlatforms) = postSolution
		{A298C71B-D484-446B-B30F-8C8AE0A32E8E}.Debug|Any CPU.ActiveCfg = Debug|Any CPU
		{A298C71B-D484-446B-B30F-8C8AE0A32E8E}.Debug|Any CPU.Build.0 = Debug|Any CPU
		{A298C71B-D484-446B-B30F-8C8AE0A32E8E}.Release|Any CPU.ActiveCfg = Release|Any CPU
		{A298C71B-D484-446B-B30F-8C8AE0A32E8E}.Release|Any CPU.Build.0 = Release|Any CPU
		{1BB3D51C-8FB4-4A09-A968-D741E5B6FDF1}.Debug|Any CPU.ActiveCfg = Debug|Any CPU
		{1BB3D51C-8FB4-4A09-A968-D741E5B6FDF1}.Debug|Any CPU.Build.0 = Debug|Any CPU
		{1BB3D51C-8FB4-4A09-A968-D741E5B6FDF1}.Release|Any CPU.ActiveCfg = Release|Any CPU
		{1BB3D51C-8FB4-4A09-A968-D741E5B6FDF1}.Release|Any CPU.Build.0 = Release|Any CPU
		{A835DF9B-A6C4-4E1D-8AEA-C59E16311FF4}.Debug|Any CPU.ActiveCfg = Debug|Any CPU
		{A835DF9B-A6C4-4E1D-8AEA-C59E16311FF4}.Debug|Any CPU.Build.0 = Debug|Any CPU
		{A835DF9B-A6C4-4E1D-8AEA-C59E16311FF4}.Release|Any CPU.ActiveCfg = Release|Any CPU
		{A835DF9B-A6C4-4E1D-8AEA-C59E16311FF4}.Release|Any CPU.Build.0 = Release|Any CPU
	EndGlobalSection
	GlobalSection(SolutionProperties) = preSolution
		HideSolutionNode = FALSE
	EndGlobalSection
	GlobalSection(NestedProjects) = preSolution
		{A298C71B-D484-446B-B30F-8C8AE0A32E8E} = {02EA681E-C7D8-13C7-8484-4AC65E1B71E8}
		{1BB3D51C-8FB4-4A09-A968-D741E5B6FDF1} = {02EA681E-C7D8-13C7-8484-4AC65E1B71E8}
		{A835DF9B-A6C4-4E1D-8AEA-C59E16311FF4} = {02EA681E-C7D8-13C7-8484-4AC65E1B71E8}
	EndGlobalSection
	GlobalSection(ExtensibilityGlobals) = postSolution
		SolutionGuid = {C46235A6-D602-43A0-BEDB-47D924675A70}
	EndGlobalSection
EndGlobal
